// !$*UTF8*$!
{
	archiveVersion = 1;
	classes = {
	};
	objectVersion = 48;
	objects = {

/* Begin PBXBuildFile section */
		21805A6A1F9E716B00D7A334 /* AppDelegate.swift in Sources */ = {isa = PBXBuildFile; fileRef = 21805A691F9E716B00D7A334 /* AppDelegate.swift */; };
		21805A6C1F9E716B00D7A334 /* ViewController.swift in Sources */ = {isa = PBXBuildFile; fileRef = 21805A6B1F9E716B00D7A334 /* ViewController.swift */; };
		21805A6F1F9E716B00D7A334 /* Main.storyboard in Resources */ = {isa = PBXBuildFile; fileRef = 21805A6D1F9E716B00D7A334 /* Main.storyboard */; };
		21805A721F9E716B00D7A334 /* DishLogger.xcdatamodeld in Sources */ = {isa = PBXBuildFile; fileRef = 21805A701F9E716B00D7A334 /* DishLogger.xcdatamodeld */; };
		21805A741F9E716B00D7A334 /* Assets.xcassets in Resources */ = {isa = PBXBuildFile; fileRef = 21805A731F9E716B00D7A334 /* Assets.xcassets */; };
		21805A771F9E716B00D7A334 /* LaunchScreen.storyboard in Resources */ = {isa = PBXBuildFile; fileRef = 21805A751F9E716B00D7A334 /* LaunchScreen.storyboard */; };
		21805A821F9E716D00D7A334 /* DishLoggerTests.swift in Sources */ = {isa = PBXBuildFile; fileRef = 21805A811F9E716D00D7A334 /* DishLoggerTests.swift */; };
		21805A8D1F9E716D00D7A334 /* DishLoggerUITests.swift in Sources */ = {isa = PBXBuildFile; fileRef = 21805A8C1F9E716D00D7A334 /* DishLoggerUITests.swift */; };
/* End PBXBuildFile section */

/* Begin PBXContainerItemProxy section */
		21805A7E1F9E716D00D7A334 /* PBXContainerItemProxy */ = {
			isa = PBXContainerItemProxy;
			containerPortal = 21805A5E1F9E716900D7A334 /* Project object */;
			proxyType = 1;
			remoteGlobalIDString = 21805A651F9E716B00D7A334;
			remoteInfo = DishLogger;
		};
		21805A891F9E716D00D7A334 /* PBXContainerItemProxy */ = {
			isa = PBXContainerItemProxy;
			containerPortal = 21805A5E1F9E716900D7A334 /* Project object */;
			proxyType = 1;
			remoteGlobalIDString = 21805A651F9E716B00D7A334;
			remoteInfo = DishLogger;
		};
/* End PBXContainerItemProxy section */

/* Begin PBXFileReference section */
		21805A661F9E716B00D7A334 /* DishLogger.app */ = {isa = PBXFileReference; explicitFileType = wrapper.application; includeInIndex = 0; path = DishLogger.app; sourceTree = BUILT_PRODUCTS_DIR; };
		21805A691F9E716B00D7A334 /* AppDelegate.swift */ = {isa = PBXFileReference; lastKnownFileType = sourcecode.swift; path = AppDelegate.swift; sourceTree = "<group>"; };
		21805A6B1F9E716B00D7A334 /* ViewController.swift */ = {isa = PBXFileReference; lastKnownFileType = sourcecode.swift; path = ViewController.swift; sourceTree = "<group>"; };
		21805A6E1F9E716B00D7A334 /* Base */ = {isa = PBXFileReference; lastKnownFileType = file.storyboard; name = Base; path = Base.lproj/Main.storyboard; sourceTree = "<group>"; };
		21805A711F9E716B00D7A334 /* DishLogger.xcdatamodel */ = {isa = PBXFileReference; lastKnownFileType = wrapper.xcdatamodel; path = DishLogger.xcdatamodel; sourceTree = "<group>"; };
		21805A731F9E716B00D7A334 /* Assets.xcassets */ = {isa = PBXFileReference; lastKnownFileType = folder.assetcatalog; path = Assets.xcassets; sourceTree = "<group>"; };
		21805A761F9E716B00D7A334 /* Base */ = {isa = PBXFileReference; lastKnownFileType = file.storyboard; name = Base; path = Base.lproj/LaunchScreen.storyboard; sourceTree = "<group>"; };
		21805A781F9E716B00D7A334 /* Info.plist */ = {isa = PBXFileReference; lastKnownFileType = text.plist.xml; path = Info.plist; sourceTree = "<group>"; };
		21805A7D1F9E716D00D7A334 /* DishLoggerTests.xctest */ = {isa = PBXFileReference; explicitFileType = wrapper.cfbundle; includeInIndex = 0; path = DishLoggerTests.xctest; sourceTree = BUILT_PRODUCTS_DIR; };
		21805A811F9E716D00D7A334 /* DishLoggerTests.swift */ = {isa = PBXFileReference; lastKnownFileType = sourcecode.swift; path = DishLoggerTests.swift; sourceTree = "<group>"; };
		21805A831F9E716D00D7A334 /* Info.plist */ = {isa = PBXFileReference; lastKnownFileType = text.plist.xml; path = Info.plist; sourceTree = "<group>"; };
		21805A881F9E716D00D7A334 /* DishLoggerUITests.xctest */ = {isa = PBXFileReference; explicitFileType = wrapper.cfbundle; includeInIndex = 0; path = DishLoggerUITests.xctest; sourceTree = BUILT_PRODUCTS_DIR; };
		21805A8C1F9E716D00D7A334 /* DishLoggerUITests.swift */ = {isa = PBXFileReference; lastKnownFileType = sourcecode.swift; path = DishLoggerUITests.swift; sourceTree = "<group>"; };
		21805A8E1F9E716D00D7A334 /* Info.plist */ = {isa = PBXFileReference; lastKnownFileType = text.plist.xml; path = Info.plist; sourceTree = "<group>"; };
/* End PBXFileReference section */

/* Begin PBXFrameworksBuildPhase section */
		21805A631F9E716B00D7A334 /* Frameworks */ = {
			isa = PBXFrameworksBuildPhase;
			buildActionMask = 2147483647;
			files = (
			);
			runOnlyForDeploymentPostprocessing = 0;
		};
		21805A7A1F9E716D00D7A334 /* Frameworks */ = {
			isa = PBXFrameworksBuildPhase;
			buildActionMask = 2147483647;
			files = (
			);
			runOnlyForDeploymentPostprocessing = 0;
		};
		21805A851F9E716D00D7A334 /* Frameworks */ = {
			isa = PBXFrameworksBuildPhase;
			buildActionMask = 2147483647;
			files = (
			);
			runOnlyForDeploymentPostprocessing = 0;
		};
/* End PBXFrameworksBuildPhase section */

/* Begin PBXGroup section */
		21805A5D1F9E716900D7A334 = {
			isa = PBXGroup;
			children = (
				21805A681F9E716B00D7A334 /* DishLogger */,
				21805A801F9E716D00D7A334 /* DishLoggerTests */,
				21805A8B1F9E716D00D7A334 /* DishLoggerUITests */,
				21805A671F9E716B00D7A334 /* Products */,
			);
			sourceTree = "<group>";
		};
		21805A671F9E716B00D7A334 /* Products */ = {
			isa = PBXGroup;
			children = (
				21805A661F9E716B00D7A334 /* DishLogger.app */,
				21805A7D1F9E716D00D7A334 /* DishLoggerTests.xctest */,
				21805A881F9E716D00D7A334 /* DishLoggerUITests.xctest */,
			);
			name = Products;
			sourceTree = "<group>";
		};
		21805A681F9E716B00D7A334 /* DishLogger */ = {
			isa = PBXGroup;
			children = (
				21805A691F9E716B00D7A334 /* AppDelegate.swift */,
				21805A6B1F9E716B00D7A334 /* ViewController.swift */,
				21805A6D1F9E716B00D7A334 /* Main.storyboard */,
				21805A731F9E716B00D7A334 /* Assets.xcassets */,
				21805A751F9E716B00D7A334 /* LaunchScreen.storyboard */,
				21805A781F9E716B00D7A334 /* Info.plist */,
				21805A701F9E716B00D7A334 /* DishLogger.xcdatamodeld */,
			);
			path = DishLogger;
			sourceTree = "<group>";
		};
		21805A801F9E716D00D7A334 /* DishLoggerTests */ = {
			isa = PBXGroup;
			children = (
				21805A811F9E716D00D7A334 /* DishLoggerTests.swift */,
				21805A831F9E716D00D7A334 /* Info.plist */,
			);
			path = DishLoggerTests;
			sourceTree = "<group>";
		};
		21805A8B1F9E716D00D7A334 /* DishLoggerUITests */ = {
			isa = PBXGroup;
			children = (
				21805A8C1F9E716D00D7A334 /* DishLoggerUITests.swift */,
				21805A8E1F9E716D00D7A334 /* Info.plist */,
			);
			path = DishLoggerUITests;
			sourceTree = "<group>";
		};
/* End PBXGroup section */

/* Begin PBXNativeTarget section */
		21805A651F9E716B00D7A334 /* DishLogger */ = {
			isa = PBXNativeTarget;
			buildConfigurationList = 21805A911F9E716E00D7A334 /* Build configuration list for PBXNativeTarget "DishLogger" */;
			buildPhases = (
				21805A621F9E716B00D7A334 /* Sources */,
				21805A631F9E716B00D7A334 /* Frameworks */,
				21805A641F9E716B00D7A334 /* Resources */,
			);
			buildRules = (
			);
			dependencies = (
			);
			name = DishLogger;
			productName = DishLogger;
			productReference = 21805A661F9E716B00D7A334 /* DishLogger.app */;
			productType = "com.apple.product-type.application";
		};
		21805A7C1F9E716D00D7A334 /* DishLoggerTests */ = {
			isa = PBXNativeTarget;
			buildConfigurationList = 21805A941F9E716E00D7A334 /* Build configuration list for PBXNativeTarget "DishLoggerTests" */;
			buildPhases = (
				21805A791F9E716D00D7A334 /* Sources */,
				21805A7A1F9E716D00D7A334 /* Frameworks */,
				21805A7B1F9E716D00D7A334 /* Resources */,
			);
			buildRules = (
			);
			dependencies = (
				21805A7F1F9E716D00D7A334 /* PBXTargetDependency */,
			);
			name = DishLoggerTests;
			productName = DishLoggerTests;
			productReference = 21805A7D1F9E716D00D7A334 /* DishLoggerTests.xctest */;
			productType = "com.apple.product-type.bundle.unit-test";
		};
		21805A871F9E716D00D7A334 /* DishLoggerUITests */ = {
			isa = PBXNativeTarget;
			buildConfigurationList = 21805A971F9E716E00D7A334 /* Build configuration list for PBXNativeTarget "DishLoggerUITests" */;
			buildPhases = (
				21805A841F9E716D00D7A334 /* Sources */,
				21805A851F9E716D00D7A334 /* Frameworks */,
				21805A861F9E716D00D7A334 /* Resources */,
			);
			buildRules = (
			);
			dependencies = (
				21805A8A1F9E716D00D7A334 /* PBXTargetDependency */,
			);
			name = DishLoggerUITests;
			productName = DishLoggerUITests;
			productReference = 21805A881F9E716D00D7A334 /* DishLoggerUITests.xctest */;
			productType = "com.apple.product-type.bundle.ui-testing";
		};
/* End PBXNativeTarget section */

/* Begin PBXProject section */
		21805A5E1F9E716900D7A334 /* Project object */ = {
			isa = PBXProject;
			attributes = {
				LastSwiftUpdateCheck = 0900;
				LastUpgradeCheck = 0900;
				ORGANIZATIONNAME = "Gerd Hung-chu";
				TargetAttributes = {
					21805A651F9E716B00D7A334 = {
						CreatedOnToolsVersion = 9.0;
						ProvisioningStyle = Automatic;
					};
					21805A7C1F9E716D00D7A334 = {
						CreatedOnToolsVersion = 9.0;
						ProvisioningStyle = Automatic;
						TestTargetID = 21805A651F9E716B00D7A334;
					};
					21805A871F9E716D00D7A334 = {
						CreatedOnToolsVersion = 9.0;
						ProvisioningStyle = Automatic;
						TestTargetID = 21805A651F9E716B00D7A334;
					};
				};
			};
			buildConfigurationList = 21805A611F9E716900D7A334 /* Build configuration list for PBXProject "DishLogger" */;
			compatibilityVersion = "Xcode 8.0";
			developmentRegion = en;
			hasScannedForEncodings = 0;
			knownRegions = (
				en,
				Base,
			);
			mainGroup = 21805A5D1F9E716900D7A334;
			productRefGroup = 21805A671F9E716B00D7A334 /* Products */;
			projectDirPath = "";
			projectRoot = "";
			targets = (
				21805A651F9E716B00D7A334 /* DishLogger */,
				21805A7C1F9E716D00D7A334 /* DishLoggerTests */,
				21805A871F9E716D00D7A334 /* DishLoggerUITests */,
			);
		};
/* End PBXProject section */

/* Begin PBXResourcesBuildPhase section */
		21805A641F9E716B00D7A334 /* Resources */ = {
			isa = PBXResourcesBuildPhase;
			buildActionMask = 2147483647;
			files = (
				21805A771F9E716B00D7A334 /* LaunchScreen.storyboard in Resources */,
				21805A741F9E716B00D7A334 /* Assets.xcassets in Resources */,
				21805A6F1F9E716B00D7A334 /* Main.storyboard in Resources */,
			);
			runOnlyForDeploymentPostprocessing = 0;
		};
		21805A7B1F9E716D00D7A334 /* Resources */ = {
			isa = PBXResourcesBuildPhase;
			buildActionMask = 2147483647;
			files = (
			);
			runOnlyForDeploymentPostprocessing = 0;
		};
		21805A861F9E716D00D7A334 /* Resources */ = {
			isa = PBXResourcesBuildPhase;
			buildActionMask = 2147483647;
			files = (
			);
			runOnlyForDeploymentPostprocessing = 0;
		};
/* End PBXResourcesBuildPhase section */

/* Begin PBXSourcesBuildPhase section */
		21805A621F9E716B00D7A334 /* Sources */ = {
			isa = PBXSourcesBuildPhase;
			buildActionMask = 2147483647;
			files = (
				21805A721F9E716B00D7A334 /* DishLogger.xcdatamodeld in Sources */,
				21805A6C1F9E716B00D7A334 /* ViewController.swift in Sources */,
				21805A6A1F9E716B00D7A334 /* AppDelegate.swift in Sources */,
			);
			runOnlyForDeploymentPostprocessing = 0;
		};
		21805A791F9E716D00D7A334 /* Sources */ = {
			isa = PBXSourcesBuildPhase;
			buildActionMask = 2147483647;
			files = (
				21805A821F9E716D00D7A334 /* DishLoggerTests.swift in Sources */,
			);
			runOnlyForDeploymentPostprocessing = 0;
		};
		21805A841F9E716D00D7A334 /* Sources */ = {
			isa = PBXSourcesBuildPhase;
			buildActionMask = 2147483647;
			files = (
				21805A8D1F9E716D00D7A334 /* DishLoggerUITests.swift in Sources */,
			);
			runOnlyForDeploymentPostprocessing = 0;
		};
/* End PBXSourcesBuildPhase section */

/* Begin PBXTargetDependency section */
		21805A7F1F9E716D00D7A334 /* PBXTargetDependency */ = {
			isa = PBXTargetDependency;
			target = 21805A651F9E716B00D7A334 /* DishLogger */;
			targetProxy = 21805A7E1F9E716D00D7A334 /* PBXContainerItemProxy */;
		};
		21805A8A1F9E716D00D7A334 /* PBXTargetDependency */ = {
			isa = PBXTargetDependency;
			target = 21805A651F9E716B00D7A334 /* DishLogger */;
			targetProxy = 21805A891F9E716D00D7A334 /* PBXContainerItemProxy */;
		};
/* End PBXTargetDependency section */

/* Begin PBXVariantGroup section */
		21805A6D1F9E716B00D7A334 /* Main.storyboard */ = {
			isa = PBXVariantGroup;
			children = (
				21805A6E1F9E716B00D7A334 /* Base */,
			);
			name = Main.storyboard;
			sourceTree = "<group>";
		};
		21805A751F9E716B00D7A334 /* LaunchScreen.storyboard */ = {
			isa = PBXVariantGroup;
			children = (
				21805A761F9E716B00D7A334 /* Base */,
			);
			name = LaunchScreen.storyboard;
			sourceTree = "<group>";
		};
/* End PBXVariantGroup section */

/* Begin XCBuildConfiguration section */
		21805A8F1F9E716E00D7A334 /* Debug */ = {
			isa = XCBuildConfiguration;
			buildSettings = {
				ALWAYS_SEARCH_USER_PATHS = NO;
				CLANG_ANALYZER_NONNULL = YES;
				CLANG_ANALYZER_NUMBER_OBJECT_CONVERSION = YES_AGGRESSIVE;
				CLANG_CXX_LANGUAGE_STANDARD = "gnu++14";
				CLANG_CXX_LIBRARY = "libc++";
				CLANG_ENABLE_MODULES = YES;
				CLANG_ENABLE_OBJC_ARC = YES;
				CLANG_WARN_BLOCK_CAPTURE_AUTORELEASING = YES;
				CLANG_WARN_BOOL_CONVERSION = YES;
				CLANG_WARN_COMMA = YES;
				CLANG_WARN_CONSTANT_CONVERSION = YES;
				CLANG_WARN_DIRECT_OBJC_ISA_USAGE = YES_ERROR;
				CLANG_WARN_DOCUMENTATION_COMMENTS = YES;
				CLANG_WARN_EMPTY_BODY = YES;
				CLANG_WARN_ENUM_CONVERSION = YES;
				CLANG_WARN_INFINITE_RECURSION = YES;
				CLANG_WARN_INT_CONVERSION = YES;
				CLANG_WARN_NON_LITERAL_NULL_CONVERSION = YES;
				CLANG_WARN_OBJC_LITERAL_CONVERSION = YES;
				CLANG_WARN_OBJC_ROOT_CLASS = YES_ERROR;
				CLANG_WARN_RANGE_LOOP_ANALYSIS = YES;
				CLANG_WARN_STRICT_PROTOTYPES = YES;
				CLANG_WARN_SUSPICIOUS_MOVE = YES;
				CLANG_WARN_UNGUARDED_AVAILABILITY = YES_AGGRESSIVE;
				CLANG_WARN_UNREACHABLE_CODE = YES;
				CLANG_WARN__DUPLICATE_METHOD_MATCH = YES;
				CODE_SIGN_IDENTITY = "iPhone Developer";
				COPY_PHASE_STRIP = NO;
				DEBUG_INFORMATION_FORMAT = dwarf;
				ENABLE_STRICT_OBJC_MSGSEND = YES;
				ENABLE_TESTABILITY = YES;
				GCC_C_LANGUAGE_STANDARD = gnu11;
				GCC_DYNAMIC_NO_PIC = NO;
				GCC_NO_COMMON_BLOCKS = YES;
				GCC_OPTIMIZATION_LEVEL = 0;
				GCC_PREPROCESSOR_DEFINITIONS = (
					"DEBUG=1",
					"$(inherited)",
				);
				GCC_WARN_64_TO_32_BIT_CONVERSION = YES;
				GCC_WARN_ABOUT_RETURN_TYPE = YES_ERROR;
				GCC_WARN_UNDECLARED_SELECTOR = YES;
				GCC_WARN_UNINITIALIZED_AUTOS = YES_AGGRESSIVE;
				GCC_WARN_UNUSED_FUNCTION = YES;
				GCC_WARN_UNUSED_VARIABLE = YES;
				IPHONEOS_DEPLOYMENT_TARGET = 11.0;
				MTL_ENABLE_DEBUG_INFO = YES;
				ONLY_ACTIVE_ARCH = YES;
				SDKROOT = iphoneos;
				SWIFT_ACTIVE_COMPILATION_CONDITIONS = DEBUG;
				SWIFT_OPTIMIZATION_LEVEL = "-Onone";
			};
			name = Debug;
		};
		21805A901F9E716E00D7A334 /* Release */ = {
			isa = XCBuildConfiguration;
			buildSettings = {
				ALWAYS_SEARCH_USER_PATHS = NO;
				CLANG_ANALYZER_NONNULL = YES;
				CLANG_ANALYZER_NUMBER_OBJECT_CONVERSION = YES_AGGRESSIVE;
				CLANG_CXX_LANGUAGE_STANDARD = "gnu++14";
				CLANG_CXX_LIBRARY = "libc++";
				CLANG_ENABLE_MODULES = YES;
				CLANG_ENABLE_OBJC_ARC = YES;
				CLANG_WARN_BLOCK_CAPTURE_AUTORELEASING = YES;
				CLANG_WARN_BOOL_CONVERSION = YES;
				CLANG_WARN_COMMA = YES;
				CLANG_WARN_CONSTANT_CONVERSION = YES;
				CLANG_WARN_DIRECT_OBJC_ISA_USAGE = YES_ERROR;
				CLANG_WARN_DOCUMENTATION_COMMENTS = YES;
				CLANG_WARN_EMPTY_BODY = YES;
				CLANG_WARN_ENUM_CONVERSION = YES;
				CLANG_WARN_INFINITE_RECURSION = YES;
				CLANG_WARN_INT_CONVERSION = YES;
				CLANG_WARN_NON_LITERAL_NULL_CONVERSION = YES;
				CLANG_WARN_OBJC_LITERAL_CONVERSION = YES;
				CLANG_WARN_OBJC_ROOT_CLASS = YES_ERROR;
				CLANG_WARN_RANGE_LOOP_ANALYSIS = YES;
				CLANG_WARN_STRICT_PROTOTYPES = YES;
				CLANG_WARN_SUSPICIOUS_MOVE = YES;
				CLANG_WARN_UNGUARDED_AVAILABILITY = YES_AGGRESSIVE;
				CLANG_WARN_UNREACHABLE_CODE = YES;
				CLANG_WARN__DUPLICATE_METHOD_MATCH = YES;
				CODE_SIGN_IDENTITY = "iPhone Developer";
				COPY_PHASE_STRIP = NO;
				DEBUG_INFORMATION_FORMAT = "dwarf-with-dsym";
				ENABLE_NS_ASSERTIONS = NO;
				ENABLE_STRICT_OBJC_MSGSEND = YES;
				GCC_C_LANGUAGE_STANDARD = gnu11;
				GCC_NO_COMMON_BLOCKS = YES;
				GCC_WARN_64_TO_32_BIT_CONVERSION = YES;
				GCC_WARN_ABOUT_RETURN_TYPE = YES_ERROR;
				GCC_WARN_UNDECLARED_SELECTOR = YES;
				GCC_WARN_UNINITIALIZED_AUTOS = YES_AGGRESSIVE;
				GCC_WARN_UNUSED_FUNCTION = YES;
				GCC_WARN_UNUSED_VARIABLE = YES;
				IPHONEOS_DEPLOYMENT_TARGET = 11.0;
				MTL_ENABLE_DEBUG_INFO = NO;
				SDKROOT = iphoneos;
				SWIFT_OPTIMIZATION_LEVEL = "-Owholemodule";
				VALIDATE_PRODUCT = YES;
			};
			name = Release;
		};
		21805A921F9E716E00D7A334 /* Debug */ = {
			isa = XCBuildConfiguration;
			buildSettings = {
				ASSETCATALOG_COMPILER_APPICON_NAME = AppIcon;
				CODE_SIGN_STYLE = Automatic;
				DEVELOPMENT_TEAM = JSJ9VWJA4N;
				INFOPLIST_FILE = DishLogger/Info.plist;
				LD_RUNPATH_SEARCH_PATHS = "$(inherited) @executable_path/Frameworks";
				PRODUCT_BUNDLE_IDENTIFIER = com.gerd.DishLogger;
				PRODUCT_NAME = "$(TARGET_NAME)";
				SWIFT_VERSION = 4.0;
				TARGETED_DEVICE_FAMILY = "1,2";
			};
			name = Debug;
		};
		21805A931F9E716E00D7A334 /* Release */ = {
			isa = XCBuildConfiguration;
			buildSettings = {
				ASSETCATALOG_COMPILER_APPICON_NAME = AppIcon;
				CODE_SIGN_STYLE = Automatic;
				DEVELOPMENT_TEAM = JSJ9VWJA4N;
				INFOPLIST_FILE = DishLogger/Info.plist;
				LD_RUNPATH_SEARCH_PATHS = "$(inherited) @executable_path/Frameworks";
				PRODUCT_BUNDLE_IDENTIFIER = com.gerd.DishLogger;
				PRODUCT_NAME = "$(TARGET_NAME)";
				SWIFT_VERSION = 4.0;
				TARGETED_DEVICE_FAMILY = "1,2";
			};
			name = Release;
		};
		21805A951F9E716E00D7A334 /* Debug */ = {
			isa = XCBuildConfiguration;
			buildSettings = {
				ALWAYS_EMBED_SWIFT_STANDARD_LIBRARIES = YES;
				BUNDLE_LOADER = "$(TEST_HOST)";
				CODE_SIGN_STYLE = Automatic;
				DEVELOPMENT_TEAM = JSJ9VWJA4N;
				INFOPLIST_FILE = DishLoggerTests/Info.plist;
				LD_RUNPATH_SEARCH_PATHS = "$(inherited) @executable_path/Frameworks @loader_path/Frameworks";
				PRODUCT_BUNDLE_IDENTIFIER = com.gerd.DishLoggerTests;
				PRODUCT_NAME = "$(TARGET_NAME)";
				SWIFT_VERSION = 4.0;
				TARGETED_DEVICE_FAMILY = "1,2";
				TEST_HOST = "$(BUILT_PRODUCTS_DIR)/DishLogger.app/DishLogger";
			};
			name = Debug;
		};
		21805A961F9E716E00D7A334 /* Release */ = {
			isa = XCBuildConfiguration;
			buildSettings = {
				ALWAYS_EMBED_SWIFT_STANDARD_LIBRARIES = YES;
				BUNDLE_LOADER = "$(TEST_HOST)";
				CODE_SIGN_STYLE = Automatic;
				DEVELOPMENT_TEAM = JSJ9VWJA4N;
				INFOPLIST_FILE = DishLoggerTests/Info.plist;
				LD_RUNPATH_SEARCH_PATHS = "$(inherited) @executable_path/Frameworks @loader_path/Frameworks";
				PRODUCT_BUNDLE_IDENTIFIER = com.gerd.DishLoggerTests;
				PRODUCT_NAME = "$(TARGET_NAME)";
				SWIFT_VERSION = 4.0;
				TARGETED_DEVICE_FAMILY = "1,2";
				TEST_HOST = "$(BUILT_PRODUCTS_DIR)/DishLogger.app/DishLogger";
			};
			name = Release;
		};
		21805A981F9E716E00D7A334 /* Debug */ = {
			isa = XCBuildConfiguration;
			buildSettings = {
				ALWAYS_EMBED_SWIFT_STANDARD_LIBRARIES = YES;
				CODE_SIGN_STYLE = Automatic;
				DEVELOPMENT_TEAM = JSJ9VWJA4N;
				INFOPLIST_FILE = DishLoggerUITests/Info.plist;
				LD_RUNPATH_SEARCH_PATHS = "$(inherited) @executable_path/Frameworks @loader_path/Frameworks";
				PRODUCT_BUNDLE_IDENTIFIER = com.gerd.DishLoggerUITests;
				PRODUCT_NAME = "$(TARGET_NAME)";
				SWIFT_VERSION = 4.0;
				TARGETED_DEVICE_FAMILY = "1,2";
				TEST_TARGET_NAME = DishLogger;
			};
			name = Debug;
		};
		21805A991F9E716E00D7A334 /* Release */ = {
			isa = XCBuildConfiguration;
			buildSettings = {
				ALWAYS_EMBED_SWIFT_STANDARD_LIBRARIES = YES;
				CODE_SIGN_STYLE = Automatic;
				DEVELOPMENT_TEAM = JSJ9VWJA4N;
				INFOPLIST_FILE = DishLoggerUITests/Info.plist;
				LD_RUNPATH_SEARCH_PATHS = "$(inherited) @executable_path/Frameworks @loader_path/Frameworks";
				PRODUCT_BUNDLE_IDENTIFIER = com.gerd.DishLoggerUITests;
				PRODUCT_NAME = "$(TARGET_NAME)";
				SWIFT_VERSION = 4.0;
				TARGETED_DEVICE_FAMILY = "1,2";
				TEST_TARGET_NAME = DishLogger;
			};
			name = Release;
		};
/* End XCBuildConfiguration section */

/* Begin XCConfigurationList section */
		21805A611F9E716900D7A334 /* Build configuration list for PBXProject "DishLogger" */ = {
			isa = XCConfigurationList;
			buildConfigurations = (
				21805A8F1F9E716E00D7A334 /* Debug */,
				21805A901F9E716E00D7A334 /* Release */,
			);
			defaultConfigurationIsVisible = 0;
			defaultConfigurationName = Release;
		};
		21805A911F9E716E00D7A334 /* Build configuration list for PBXNativeTarget "DishLogger" */ = {
			isa = XCConfigurationList;
			buildConfigurations = (
				21805A921F9E716E00D7A334 /* Debug */,
				21805A931F9E716E00D7A334 /* Release */,
			);
			defaultConfigurationIsVisible = 0;
			defaultConfigurationName = Release;
		};
		21805A941F9E716E00D7A334 /* Build configuration list for PBXNativeTarget "DishLoggerTests" */ = {
			isa = XCConfigurationList;
			buildConfigurations = (
				21805A951F9E716E00D7A334 /* Debug */,
				21805A961F9E716E00D7A334 /* Release */,
			);
			defaultConfigurationIsVisible = 0;
			defaultConfigurationName = Release;
		};
		21805A971F9E716E00D7A334 /* Build configuration list for PBXNativeTarget "DishLoggerUITests" */ = {
			isa = XCConfigurationList;
			buildConfigurations = (
				21805A981F9E716E00D7A334 /* Debug */,
				21805A991F9E716E00D7A334 /* Release */,
			);
			defaultConfigurationIsVisible = 0;
			defaultConfigurationName = Release;
		};
/* End XCConfigurationList section */

/* Begin XCVersionGroup section */
		21805A701F9E716B00D7A334 /* DishLogger.xcdatamodeld */ = {
			isa = XCVersionGroup;
			children = (
				21805A711F9E716B00D7A334 /* DishLogger.xcdatamodel */,
			);
			currentVersion = 21805A711F9E716B00D7A334 /* DishLogger.xcdatamodel */;
			path = DishLogger.xcdatamodeld;
			sourceTree = "<group>";
			versionGroupType = wrapper.xcdatamodel;
		};
/* End XCVersionGroup section */
	};
	rootObject = 21805A5E1F9E716900D7A334 /* Project object */;
}
